// !$*UTF8*$!
{
	archiveVersion = 1;
	classes = {
	};
	objectVersion = 55;
	objects = {

/* Begin PBXBuildFile section */
		FA7740F327C3F57000482E5B /* HeaderView.swift in Sources */ = {isa = PBXBuildFile; fileRef = FA7740F227C3F57000482E5B /* HeaderView.swift */; };
		FA97457D27C182780027A20C /* AppDelegate.swift in Sources */ = {isa = PBXBuildFile; fileRef = FA97457C27C182780027A20C /* AppDelegate.swift */; };
		FA97457F27C182780027A20C /* SceneDelegate.swift in Sources */ = {isa = PBXBuildFile; fileRef = FA97457E27C182780027A20C /* SceneDelegate.swift */; };
		FA97458127C182780027A20C /* ViewController.swift in Sources */ = {isa = PBXBuildFile; fileRef = FA97458027C182780027A20C /* ViewController.swift */; };
		FA97458427C182780027A20C /* Main.storyboard in Resources */ = {isa = PBXBuildFile; fileRef = FA97458227C182780027A20C /* Main.storyboard */; };
		FA97458627C182790027A20C /* Assets.xcassets in Resources */ = {isa = PBXBuildFile; fileRef = FA97458527C182790027A20C /* Assets.xcassets */; };
		FA97458927C182790027A20C /* LaunchScreen.storyboard in Resources */ = {isa = PBXBuildFile; fileRef = FA97458727C182790027A20C /* LaunchScreen.storyboard */; };
		FAA1C1FD27C2B7D800FBB256 /* ShoeCreater.swift in Sources */ = {isa = PBXBuildFile; fileRef = FAA1C1FC27C2B7D800FBB256 /* ShoeCreater.swift */; };
		FAD75B2927C30C0F00D0BD4F /* HandCell.swift in Sources */ = {isa = PBXBuildFile; fileRef = FAD75B2827C30C0F00D0BD4F /* HandCell.swift */; };
/* End PBXBuildFile section */

/* Begin PBXFileReference section */
		FA7740F227C3F57000482E5B /* HeaderView.swift */ = {isa = PBXFileReference; lastKnownFileType = sourcecode.swift; path = HeaderView.swift; sourceTree = "<group>"; };
		FA97457927C182780027A20C /* Baccarat.app */ = {isa = PBXFileReference; explicitFileType = wrapper.application; includeInIndex = 0; path = Baccarat.app; sourceTree = BUILT_PRODUCTS_DIR; };
		FA97457C27C182780027A20C /* AppDelegate.swift */ = {isa = PBXFileReference; lastKnownFileType = sourcecode.swift; path = AppDelegate.swift; sourceTree = "<group>"; };
		FA97457E27C182780027A20C /* SceneDelegate.swift */ = {isa = PBXFileReference; lastKnownFileType = sourcecode.swift; path = SceneDelegate.swift; sourceTree = "<group>"; };
		FA97458027C182780027A20C /* ViewController.swift */ = {isa = PBXFileReference; lastKnownFileType = sourcecode.swift; path = ViewController.swift; sourceTree = "<group>"; };
		FA97458327C182780027A20C /* Base */ = {isa = PBXFileReference; lastKnownFileType = file.storyboard; name = Base; path = Base.lproj/Main.storyboard; sourceTree = "<group>"; };
		FA97458527C182790027A20C /* Assets.xcassets */ = {isa = PBXFileReference; lastKnownFileType = folder.assetcatalog; path = Assets.xcassets; sourceTree = "<group>"; };
		FA97458827C182790027A20C /* Base */ = {isa = PBXFileReference; lastKnownFileType = file.storyboard; name = Base; path = Base.lproj/LaunchScreen.storyboard; sourceTree = "<group>"; };
		FA97458A27C182790027A20C /* Info.plist */ = {isa = PBXFileReference; lastKnownFileType = text.plist.xml; path = Info.plist; sourceTree = "<group>"; };
		FAA1C1FC27C2B7D800FBB256 /* ShoeCreater.swift */ = {isa = PBXFileReference; lastKnownFileType = sourcecode.swift; path = ShoeCreater.swift; sourceTree = "<group>"; };
		FAD75B2827C30C0F00D0BD4F /* HandCell.swift */ = {isa = PBXFileReference; lastKnownFileType = sourcecode.swift; path = HandCell.swift; sourceTree = "<group>"; };
/* End PBXFileReference section */

/* Begin PBXFrameworksBuildPhase section */
		FA97457627C182780027A20C /* Frameworks */ = {
			isa = PBXFrameworksBuildPhase;
			buildActionMask = 2147483647;
			files = (
			);
			runOnlyForDeploymentPostprocessing = 0;
		};
/* End PBXFrameworksBuildPhase section */

/* Begin PBXGroup section */
		FA97457027C182780027A20C = {
			isa = PBXGroup;
			children = (
				FA97457B27C182780027A20C /* Baccarat */,
				FA97457A27C182780027A20C /* Products */,
			);
			sourceTree = "<group>";
		};
		FA97457A27C182780027A20C /* Products */ = {
			isa = PBXGroup;
			children = (
				FA97457927C182780027A20C /* Baccarat.app */,
			);
			name = Products;
			sourceTree = "<group>";
		};
		FA97457B27C182780027A20C /* Baccarat */ = {
			isa = PBXGroup;
			children = (
				FA97458027C182780027A20C /* ViewController.swift */,
				FA7740F227C3F57000482E5B /* HeaderView.swift */,
				FAD75B2827C30C0F00D0BD4F /* HandCell.swift */,
				FAA1C1FC27C2B7D800FBB256 /* ShoeCreater.swift */,
				FA97457C27C182780027A20C /* AppDelegate.swift */,
				FA97457E27C182780027A20C /* SceneDelegate.swift */,
				FA97458227C182780027A20C /* Main.storyboard */,
				FA97458527C182790027A20C /* Assets.xcassets */,
				FA97458727C182790027A20C /* LaunchScreen.storyboard */,
				FA97458A27C182790027A20C /* Info.plist */,
			);
			path = Baccarat;
			sourceTree = "<group>";
		};
/* End PBXGroup section */

/* Begin PBXNativeTarget section */
		FA97457827C182780027A20C /* Baccarat */ = {
			isa = PBXNativeTarget;
			buildConfigurationList = FA97458D27C182790027A20C /* Build configuration list for PBXNativeTarget "Baccarat" */;
			buildPhases = (
				FA97457527C182780027A20C /* Sources */,
				FA97457627C182780027A20C /* Frameworks */,
				FA97457727C182780027A20C /* Resources */,
			);
			buildRules = (
			);
			dependencies = (
			);
			name = Baccarat;
			productName = Baccarat;
			productReference = FA97457927C182780027A20C /* Baccarat.app */;
			productType = "com.apple.product-type.application";
		};
/* End PBXNativeTarget section */

/* Begin PBXProject section */
		FA97457127C182780027A20C /* Project object */ = {
			isa = PBXProject;
			attributes = {
				BuildIndependentTargetsInParallel = 1;
				LastSwiftUpdateCheck = 1320;
				LastUpgradeCheck = 1320;
				TargetAttributes = {
					FA97457827C182780027A20C = {
						CreatedOnToolsVersion = 13.2.1;
					};
				};
			};
			buildConfigurationList = FA97457427C182780027A20C /* Build configuration list for PBXProject "Baccarat" */;
			compatibilityVersion = "Xcode 13.0";
			developmentRegion = en;
			hasScannedForEncodings = 0;
			knownRegions = (
				en,
				Base,
			);
			mainGroup = FA97457027C182780027A20C;
			productRefGroup = FA97457A27C182780027A20C /* Products */;
			projectDirPath = "";
			projectRoot = "";
			targets = (
				FA97457827C182780027A20C /* Baccarat */,
			);
		};
/* End PBXProject section */

/* Begin PBXResourcesBuildPhase section */
		FA97457727C182780027A20C /* Resources */ = {
			isa = PBXResourcesBuildPhase;
			buildActionMask = 2147483647;
			files = (
				FA97458927C182790027A20C /* LaunchScreen.storyboard in Resources */,
				FA97458627C182790027A20C /* Assets.xcassets in Resources */,
				FA97458427C182780027A20C /* Main.storyboard in Resources */,
			);
			runOnlyForDeploymentPostprocessing = 0;
		};
/* End PBXResourcesBuildPhase section */

/* Begin PBXSourcesBuildPhase section */
		FA97457527C182780027A20C /* Sources */ = {
			isa = PBXSourcesBuildPhase;
			buildActionMask = 2147483647;
			files = (
				FA97458127C182780027A20C /* ViewController.swift in Sources */,
				FA7740F327C3F57000482E5B /* HeaderView.swift in Sources */,
				FAA1C1FD27C2B7D800FBB256 /* ShoeCreater.swift in Sources */,
				FA97457D27C182780027A20C /* AppDelegate.swift in Sources */,
				FA97457F27C182780027A20C /* SceneDelegate.swift in Sources */,
				FAD75B2927C30C0F00D0BD4F /* HandCell.swift in Sources */,
			);
			runOnlyForDeploymentPostprocessing = 0;
		};
/* End PBXSourcesBuildPhase section */

/* Begin PBXVariantGroup section */
		FA97458227C182780027A20C /* Main.storyboard */ = {
			isa = PBXVariantGroup;
			children = (
				FA97458327C182780027A20C /* Base */,
			);
			name = Main.storyboard;
			sourceTree = "<group>";
		};
		FA97458727C182790027A20C /* LaunchScreen.storyboard */ = {
			isa = PBXVariantGroup;
			children = (
				FA97458827C182790027A20C /* Base */,
			);
			name = LaunchScreen.storyboard;
			sourceTree = "<group>";
		};
/* End PBXVariantGroup section */

/* Begin XCBuildConfiguration section */
		FA97458B27C182790027A20C /* Debug */ = {
			isa = XCBuildConfiguration;
			buildSettings = {
				ALWAYS_SEARCH_USER_PATHS = NO;
				CLANG_ANALYZER_NONNULL = YES;
				CLANG_ANALYZER_NUMBER_OBJECT_CONVERSION = YES_AGGRESSIVE;
				CLANG_CXX_LANGUAGE_STANDARD = "gnu++17";
				CLANG_CXX_LIBRARY = "libc++";
				CLANG_ENABLE_MODULES = YES;
				CLANG_ENABLE_OBJC_ARC = YES;
				CLANG_ENABLE_OBJC_WEAK = YES;
				CLANG_WARN_BLOCK_CAPTURE_AUTORELEASING = YES;
				CLANG_WARN_BOOL_CONVERSION = YES;
				CLANG_WARN_COMMA = YES;
				CLANG_WARN_CONSTANT_CONVERSION = YES;
				CLANG_WARN_DEPRECATED_OBJC_IMPLEMENTATIONS = YES;
				CLANG_WARN_DIRECT_OBJC_ISA_USAGE = YES_ERROR;
				CLANG_WARN_DOCUMENTATION_COMMENTS = YES;
				CLANG_WARN_EMPTY_BODY = YES;
				CLANG_WARN_ENUM_CONVERSION = YES;
				CLANG_WARN_INFINITE_RECURSION = YES;
				CLANG_WARN_INT_CONVERSION = YES;
				CLANG_WARN_NON_LITERAL_NULL_CONVERSION = YES;
				CLANG_WARN_OBJC_IMPLICIT_RETAIN_SELF = YES;
				CLANG_WARN_OBJC_LITERAL_CONVERSION = YES;
				CLANG_WARN_OBJC_ROOT_CLASS = YES_ERROR;
				CLANG_WARN_QUOTED_INCLUDE_IN_FRAMEWORK_HEADER = YES;
				CLANG_WARN_RANGE_LOOP_ANALYSIS = YES;
				CLANG_WARN_STRICT_PROTOTYPES = YES;
				CLANG_WARN_SUSPICIOUS_MOVE = YES;
				CLANG_WARN_UNGUARDED_AVAILABILITY = YES_AGGRESSIVE;
				CLANG_WARN_UNREACHABLE_CODE = YES;
				CLANG_WARN__DUPLICATE_METHOD_MATCH = YES;
				COPY_PHASE_STRIP = NO;
				DEBUG_INFORMATION_FORMAT = dwarf;
				ENABLE_STRICT_OBJC_MSGSEND = YES;
				ENABLE_TESTABILITY = YES;
				GCC_C_LANGUAGE_STANDARD = gnu11;
				GCC_DYNAMIC_NO_PIC = NO;
				GCC_NO_COMMON_BLOCKS = YES;
				GCC_OPTIMIZATION_LEVEL = 0;
				GCC_PREPROCESSOR_DEFINITIONS = (
					"DEBUG=1",
					"$(inherited)",
				);
				GCC_WARN_64_TO_32_BIT_CONVERSION = YES;
				GCC_WARN_ABOUT_RETURN_TYPE = YES_ERROR;
				GCC_WARN_UNDECLARED_SELECTOR = YES;
				GCC_WARN_UNINITIALIZED_AUTOS = YES_AGGRESSIVE;
				GCC_WARN_UNUSED_FUNCTION = YES;
				GCC_WARN_UNUSED_VARIABLE = YES;
				IPHONEOS_DEPLOYMENT_TARGET = 15.2;
				MTL_ENABLE_DEBUG_INFO = INCLUDE_SOURCE;
				MTL_FAST_MATH = YES;
				ONLY_ACTIVE_ARCH = YES;
				SDKROOT = iphoneos;
				SWIFT_ACTIVE_COMPILATION_CONDITIONS = DEBUG;
				SWIFT_OPTIMIZATION_LEVEL = "-Onone";
			};
			name = Debug;
		};
		FA97458C27C182790027A20C /* Release */ = {
			isa = XCBuildConfiguration;
			buildSettings = {
				ALWAYS_SEARCH_USER_PATHS = NO;
				CLANG_ANALYZER_NONNULL = YES;
				CLANG_ANALYZER_NUMBER_OBJECT_CONVERSION = YES_AGGRESSIVE;
				CLANG_CXX_LANGUAGE_STANDARD = "gnu++17";
				CLANG_CXX_LIBRARY = "libc++";
				CLANG_ENABLE_MODULES = YES;
				CLANG_ENABLE_OBJC_ARC = YES;
				CLANG_ENABLE_OBJC_WEAK = YES;
				CLANG_WARN_BLOCK_CAPTURE_AUTORELEASING = YES;
				CLANG_WARN_BOOL_CONVERSION = YES;
				CLANG_WARN_COMMA = YES;
				CLANG_WARN_CONSTANT_CONVERSION = YES;
				CLANG_WARN_DEPRECATED_OBJC_IMPLEMENTATIONS = YES;
				CLANG_WARN_DIRECT_OBJC_ISA_USAGE = YES_ERROR;
				CLANG_WARN_DOCUMENTATION_COMMENTS = YES;
				CLANG_WARN_EMPTY_BODY = YES;
				CLANG_WARN_ENUM_CONVERSION = YES;
				CLANG_WARN_INFINITE_RECURSION = YES;
				CLANG_WARN_INT_CONVERSION = YES;
				CLANG_WARN_NON_LITERAL_NULL_CONVERSION = YES;
				CLANG_WARN_OBJC_IMPLICIT_RETAIN_SELF = YES;
				CLANG_WARN_OBJC_LITERAL_CONVERSION = YES;
				CLANG_WARN_OBJC_ROOT_CLASS = YES_ERROR;
				CLANG_WARN_QUOTED_INCLUDE_IN_FRAMEWORK_HEADER = YES;
				CLANG_WARN_RANGE_LOOP_ANALYSIS = YES;
				CLANG_WARN_STRICT_PROTOTYPES = YES;
				CLANG_WARN_SUSPICIOUS_MOVE = YES;
				CLANG_WARN_UNGUARDED_AVAILABILITY = YES_AGGRESSIVE;
				CLANG_WARN_UNREACHABLE_CODE = YES;
				CLANG_WARN__DUPLICATE_METHOD_MATCH = YES;
				COPY_PHASE_STRIP = NO;
				DEBUG_INFORMATION_FORMAT = "dwarf-with-dsym";
				ENABLE_NS_ASSERTIONS = NO;
				ENABLE_STRICT_OBJC_MSGSEND = YES;
				GCC_C_LANGUAGE_STANDARD = gnu11;
				GCC_NO_COMMON_BLOCKS = YES;
				GCC_WARN_64_TO_32_BIT_CONVERSION = YES;
				GCC_WARN_ABOUT_RETURN_TYPE = YES_ERROR;
				GCC_WARN_UNDECLARED_SELECTOR = YES;
				GCC_WARN_UNINITIALIZED_AUTOS = YES_AGGRESSIVE;
				GCC_WARN_UNUSED_FUNCTION = YES;
				GCC_WARN_UNUSED_VARIABLE = YES;
				IPHONEOS_DEPLOYMENT_TARGET = 15.2;
				MTL_ENABLE_DEBUG_INFO = NO;
				MTL_FAST_MATH = YES;
				SDKROOT = iphoneos;
				SWIFT_COMPILATION_MODE = wholemodule;
				SWIFT_OPTIMIZATION_LEVEL = "-O";
				VALIDATE_PRODUCT = YES;
			};
			name = Release;
		};
		FA97458E27C182790027A20C /* Debug */ = {
			isa = XCBuildConfiguration;
			buildSettings = {
				ASSETCATALOG_COMPILER_APPICON_NAME = AppIcon;
				ASSETCATALOG_COMPILER_GLOBAL_ACCENT_COLOR_NAME = AccentColor;
				CODE_SIGN_STYLE = Automatic;
				CURRENT_PROJECT_VERSION = 1;
				DEVELOPMENT_TEAM = CR42C4ETD5;
				GENERATE_INFOPLIST_FILE = YES;
				INFOPLIST_FILE = Baccarat/Info.plist;
				INFOPLIST_KEY_UIApplicationSupportsIndirectInputEvents = YES;
				INFOPLIST_KEY_UILaunchStoryboardName = LaunchScreen;
				INFOPLIST_KEY_UIMainStoryboardFile = Main;
				INFOPLIST_KEY_UISupportedInterfaceOrientations_iPad = "UIInterfaceOrientationPortrait UIInterfaceOrientationPortraitUpsideDown UIInterfaceOrientationLandscapeLeft UIInterfaceOrientationLandscapeRight";
				INFOPLIST_KEY_UISupportedInterfaceOrientations_iPhone = "UIInterfaceOrientationPortrait UIInterfaceOrientationLandscapeLeft UIInterfaceOrientationLandscapeRight";
				LD_RUNPATH_SEARCH_PATHS = (
					"$(inherited)",
					"@executable_path/Frameworks",
				);
				MARKETING_VERSION = 1.0;
				PRODUCT_BUNDLE_IDENTIFIER = com.enterthesource.Baccarat;
				PRODUCT_NAME = "$(TARGET_NAME)";
				SWIFT_EMIT_LOC_STRINGS = YES;
				SWIFT_VERSION = 5.0;
				TARGETED_DEVICE_FAMILY = "1,2";
			};
			name = Debug;
		};
		FA97458F27C182790027A20C /* Release */ = {
			isa = XCBuildConfiguration;
			buildSettings = {
				ASSETCATALOG_COMPILER_APPICON_NAME = AppIcon;
				ASSETCATALOG_COMPILER_GLOBAL_ACCENT_COLOR_NAME = AccentColor;
				CODE_SIGN_STYLE = Automatic;
				CURRENT_PROJECT_VERSION = 1;
				DEVELOPMENT_TEAM = CR42C4ETD5;
				GENERATE_INFOPLIST_FILE = YES;
				INFOPLIST_FILE = Baccarat/Info.plist;
				INFOPLIST_KEY_UIApplicationSupportsIndirectInputEvents = YES;
				INFOPLIST_KEY_UILaunchStoryboardName = LaunchScreen;
				INFOPLIST_KEY_UIMainStoryboardFile = Main;
				INFOPLIST_KEY_UISupportedInterfaceOrientations_iPad = "UIInterfaceOrientationPortrait UIInterfaceOrientationPortraitUpsideDown UIInterfaceOrientationLandscapeLeft UIInterfaceOrientationLandscapeRight";
				INFOPLIST_KEY_UISupportedInterfaceOrientations_iPhone = "UIInterfaceOrientationPortrait UIInterfaceOrientationLandscapeLeft UIInterfaceOrientationLandscapeRight";
				LD_RUNPATH_SEARCH_PATHS = (
					"$(inherited)",
					"@executable_path/Frameworks",
				);
				MARKETING_VERSION = 1.0;
				PRODUCT_BUNDLE_IDENTIFIER = com.enterthesource.Baccarat;
				PRODUCT_NAME = "$(TARGET_NAME)";
				SWIFT_EMIT_LOC_STRINGS = YES;
				SWIFT_VERSION = 5.0;
				TARGETED_DEVICE_FAMILY = "1,2";
			};
			name = Release;
		};
/* End XCBuildConfiguration section */

/* Begin XCConfigurationList section */
		FA97457427C182780027A20C /* Build configuration list for PBXProject "Baccarat" */ = {
			isa = XCConfigurationList;
			buildConfigurations = (
				FA97458B27C182790027A20C /* Debug */,
				FA97458C27C182790027A20C /* Release */,
			);
			defaultConfigurationIsVisible = 0;
			defaultConfigurationName = Release;
		};
		FA97458D27C182790027A20C /* Build configuration list for PBXNativeTarget "Baccarat" */ = {
			isa = XCConfigurationList;
			buildConfigurations = (
				FA97458E27C182790027A20C /* Debug */,
				FA97458F27C182790027A20C /* Release */,
			);
			defaultConfigurationIsVisible = 0;
			defaultConfigurationName = Release;
		};
/* End XCConfigurationList section */
	};
	rootObject = FA97457127C182780027A20C /* Project object */;
}
